
Microsoft Visual Studio Solution File, Format Version 12.00
# Visual Studio 15
VisualStudioVersion = 15.0.27703.2026
MinimumVisualStudioVersion = 10.0.40219.1
Project("{FAE04EC0-301F-11D3-BF4B-00C04F79EFBC}") = "SimpleCrud", "SimpleCrud\SimpleCrud.csproj", "{911298FD-AD21-4FD4-870B-62B26DE388DD}"
EndProject
Project("{FAE04EC0-301F-11D3-BF4B-00C04F79EFBC}") = "SimpleCrud.Tests", "SimpleCrud.Tests\SimpleCrud.Tests.csproj", "{C826D652-41C3-411B-9C56-BD1CAC8640C1}"
EndProject
Global
	GlobalSection(SolutionConfigurationPlatforms) = preSolution
		Debug|Any CPU = Debug|Any CPU
		Release|Any CPU = Release|Any CPU
	EndGlobalSection
	GlobalSection(ProjectConfigurationPlatforms) = postSolution
		{911298FD-AD21-4FD4-870B-62B26DE388DD}.Debug|Any CPU.ActiveCfg = Debug|Any CPU
		{911298FD-AD21-4FD4-870B-62B26DE388DD}.Debug|Any CPU.Build.0 = Debug|Any CPU
		{911298FD-AD21-4FD4-870B-62B26DE388DD}.Release|Any CPU.ActiveCfg = Release|Any CPU
		{911298FD-AD21-4FD4-870B-62B26DE388DD}.Release|Any CPU.Build.0 = Release|Any CPU
		{C826D652-41C3-411B-9C56-BD1CAC8640C1}.Debug|Any CPU.ActiveCfg = Debug|Any CPU
		{C826D652-41C3-411B-9C56-BD1CAC8640C1}.Debug|Any CPU.Build.0 = Debug|Any CPU
		{C826D652-41C3-411B-9C56-BD1CAC8640C1}.Release|Any CPU.ActiveCfg = Release|Any CPU
		{C826D652-41C3-411B-9C56-BD1CAC8640C1}.Release|Any CPU.Build.0 = Release|Any CPU
	EndGlobalSection
	GlobalSection(SolutionProperties) = preSolution
		HideSolutionNode = FALSE
	EndGlobalSection
	GlobalSection(ExtensibilityGlobals) = postSolution
		SolutionGuid = {2AED6EA7-6DCE-462D-BCD6-2E21B4C4A26C}
	EndGlobalSection
EndGlobal
